<Solution>
  <Folder Name="/src/">
    <Project Path="src/CNS.Api/CNS.Api.csproj" />
    <Project Path="src/CNS.Application/CNS.Application.csproj" />
    <Project Path="src/CNS.Consumer/CNS.Consumer.csproj" />
    <Project Path="src/CNS.Contracts/CNS.Contracts.csproj" />
    <Project Path="src/CNS.Domain/CNS.Domain.csproj" />
    <Project Path="src/CNS.Infrastructure/CNS.Infrastructure.csproj" />
  </Folder>
</Solution>
